
Microsoft Visual Studio Solution File, Format Version 12.00
# Visual Studio Version 17
VisualStudioVersion = 17.10.35013.160
MinimumVisualStudioVersion = 10.0.40219.1
Project("{FAE04EC0-301F-11D3-BF4B-00C04F79EFBC}") = "GradeCalculator", "GradeCalculator\GradeCalculator.csproj", "{A264D907-2E61-40FA-A32E-AD0A0ACC5EA7}"
EndProject
Global
	GlobalSection(SolutionConfigurationPlatforms) = preSolution
		Debug|Any CPU = Debug|Any CPU
		Release|Any CPU = Release|Any CPU
	EndGlobalSection
	GlobalSection(ProjectConfigurationPlatforms) = postSolution
		{A264D907-2E61-40FA-A32E-AD0A0ACC5EA7}.Debug|Any CPU.ActiveCfg = Debug|Any CPU
		{A264D907-2E61-40FA-A32E-AD0A0ACC5EA7}.Debug|Any CPU.Build.0 = Debug|Any CPU
		{A264D907-2E61-40FA-A32E-AD0A0ACC5EA7}.Release|Any CPU.ActiveCfg = Release|Any CPU
		{A264D907-2E61-40FA-A32E-AD0A0ACC5EA7}.Release|Any CPU.Build.0 = Release|Any CPU
	EndGlobalSection
	GlobalSection(SolutionProperties) = preSolution
		HideSolutionNode = FALSE
	EndGlobalSection
	GlobalSection(ExtensibilityGlobals) = postSolution
		SolutionGuid = {4CA10295-6097-49AC-9C48-67784C9F3529}
	EndGlobalSection
EndGlobal
